{
  "pins" : [
    {
      "identity" : "formula1api",
      "kind" : "remoteSourceControl",
      "location" : "https://github.com/armanhusic17/Formula1API",
      "state" : {
        "branch" : "main",
        "revision" : "264e03337c22954bffeaad67378be13dc3d06ab2"
      }
    }
  ],
  "version" : 2
}
