{
  "pins" : [
    {
      "identity" : "formula1api",
      "kind" : "remoteSourceControl",
      "location" : "https://github.com/armanhusic17/Formula1API",
      "state" : {
        "branch" : "main",
        "revision" : "67fe8766ac5765bf70a29fe5597db372cde7cc5b"
      }
    }
  ],
  "version" : 2
}
